
Microsoft Visual Studio Solution File, Format Version 12.00
# Visual Studio 14
VisualStudioVersion = 14.0.22512.0
MinimumVisualStudioVersion = 10.0.40219.1
Project("{FAE04EC0-301F-11D3-BF4B-00C04F79EFBC}") = "ExceptionFiltering", "ExceptionFiltering\ExceptionFiltering.csproj", "{5C9F60F1-8823-436A-974D-290FC2C6C796}"
EndProject
Global
	GlobalSection(SolutionConfigurationPlatforms) = preSolution
		Debug|Any CPU = Debug|Any CPU
		Release|Any CPU = Release|Any CPU
	EndGlobalSection
	GlobalSection(ProjectConfigurationPlatforms) = postSolution
		{5C9F60F1-8823-436A-974D-290FC2C6C796}.Debug|Any CPU.ActiveCfg = Debug|Any CPU
		{5C9F60F1-8823-436A-974D-290FC2C6C796}.Debug|Any CPU.Build.0 = Debug|Any CPU
		{5C9F60F1-8823-436A-974D-290FC2C6C796}.Release|Any CPU.ActiveCfg = Release|Any CPU
		{5C9F60F1-8823-436A-974D-290FC2C6C796}.Release|Any CPU.Build.0 = Release|Any CPU
	EndGlobalSection
	GlobalSection(SolutionProperties) = preSolution
		HideSolutionNode = FALSE
	EndGlobalSection
EndGlobal
